
Microsoft Visual Studio Solution File, Format Version 12.00
# Visual Studio Version 17
VisualStudioVersion = 17.5.002.0
MinimumVisualStudioVersion = 10.0.40219.1
Project("{9A19103F-16F7-4668-BE54-9A1E7A4F7556}") = "LibAcct", "LibAcct.csproj", "{37F2763C-7D0C-4DAB-8818-DEF5DA06F9B9}"
EndProject
Global
	GlobalSection(SolutionConfigurationPlatforms) = preSolution
		Debug|Any CPU = Debug|Any CPU
		Release|Any CPU = Release|Any CPU
	EndGlobalSection
	GlobalSection(ProjectConfigurationPlatforms) = postSolution
		{37F2763C-7D0C-4DAB-8818-DEF5DA06F9B9}.Debug|Any CPU.ActiveCfg = Debug|Any CPU
		{37F2763C-7D0C-4DAB-8818-DEF5DA06F9B9}.Debug|Any CPU.Build.0 = Debug|Any CPU
		{37F2763C-7D0C-4DAB-8818-DEF5DA06F9B9}.Release|Any CPU.ActiveCfg = Release|Any CPU
		{37F2763C-7D0C-4DAB-8818-DEF5DA06F9B9}.Release|Any CPU.Build.0 = Release|Any CPU
	EndGlobalSection
	GlobalSection(SolutionProperties) = preSolution
		HideSolutionNode = FALSE
	EndGlobalSection
	GlobalSection(ExtensibilityGlobals) = postSolution
		SolutionGuid = {FB382C9B-6355-4763-AFDC-7D95620143AC}
	EndGlobalSection
EndGlobal
